<Solution>
  <Folder Name="/src/">
    <Project Path="src/UnionConfig/UnionConfig.fsproj" />
  </Folder>
  <Folder Name="/tests/">
    <Project Path="tests/UnionConfig.Tests/UnionConfig.Tests.fsproj" />
  </Folder>
  <Folder Name="/examples/">
    <Project Path="examples/ExampleApp/ExampleApp.fsproj" />
  </Folder>
</Solution>
